# This file is generated by running "yarn install" inside your project.
# Manual changes might be lost - proceed with caution!

__metadata:
  version: 8
  cacheKey: 10c0

"@babel/runtime@npm:^7.15.4":
  version: 7.24.8
  resolution: "@babel/runtime@npm:7.24.8"
  dependencies:
    regenerator-runtime: "npm:^0.14.0"
  checksum: 10c0/f24b30af6b3ecae19165b3b032f9bc37b2d1769677bd63b69a6f81061967cfc847aa822518402ea6616b1d301d7eb46986b99c9f69cdb5880834fca2e6b34881
  languageName: node
  linkType: hard

"@colors/colors@npm:1.5.0":
  version: 1.5.0
  resolution: "@colors/colors@npm:1.5.0"
  checksum: 10c0/eb42729851adca56d19a08e48d5a1e95efd2a32c55ae0323de8119052be0510d4b7a1611f2abcbf28c044a6c11e6b7d38f99fccdad7429300c37a8ea5fb95b44
  languageName: node
  linkType: hard

"@cucumber/ci-environment@npm:9.1.0":
  version: 9.1.0
  resolution: "@cucumber/ci-environment@npm:9.1.0"
  checksum: 10c0/bdfd2c529434f09c871d2779200088cb4b858e4b490b98224d8d49c579ed8c8a13b5e2b6ddce20645d41bf8a5ac7b0952ebcda7a4207aa6cd6c9646077f5a8e0
  languageName: node
  linkType: hard

"@cucumber/cucumber-expressions@npm:16.1.1":
  version: 16.1.1
  resolution: "@cucumber/cucumber-expressions@npm:16.1.1"
  dependencies:
    regexp-match-indices: "npm:1.0.2"
  checksum: 10c0/c35bcd568fbd0afe2844a5ff8ec948629e6557bf6947af9c1d8c68c844f57e9e9a1e79544625410a60c287f066115c2b716a0b255c4615c986ef2ad1b582b442
  languageName: node
  linkType: hard

"@cucumber/cucumber@npm:^8.3.0":
  version: 8.11.1
  resolution: "@cucumber/cucumber@npm:8.11.1"
  dependencies:
    "@cucumber/ci-environment": "npm:9.1.0"
    "@cucumber/cucumber-expressions": "npm:16.1.1"
    "@cucumber/gherkin": "npm:26.0.3"
    "@cucumber/gherkin-streams": "npm:5.0.1"
    "@cucumber/gherkin-utils": "npm:8.0.2"
    "@cucumber/html-formatter": "npm:20.2.1"
    "@cucumber/message-streams": "npm:4.0.1"
    "@cucumber/messages": "npm:21.0.1"
    "@cucumber/tag-expressions": "npm:5.0.1"
    assertion-error-formatter: "npm:^3.0.0"
    capital-case: "npm:^1.0.4"
    chalk: "npm:^4.1.2"
    cli-table3: "npm:0.6.3"
    commander: "npm:^9.0.0"
    debug: "npm:^4.3.4"
    error-stack-parser: "npm:^2.1.4"
    figures: "npm:^3.2.0"
    glob: "npm:^7.1.6"
    has-ansi: "npm:^4.0.1"
    indent-string: "npm:^4.0.0"
    is-installed-globally: "npm:^0.4.0"
    is-stream: "npm:^2.0.0"
    knuth-shuffle-seeded: "npm:^1.0.6"
    lodash.merge: "npm:^4.6.2"
    lodash.mergewith: "npm:^4.6.2"
    luxon: "npm:3.2.1"
    mz: "npm:^2.7.0"
    progress: "npm:^2.0.3"
    resolve-pkg: "npm:^2.0.0"
    semver: "npm:7.3.8"
    string-argv: "npm:^0.3.1"
    strip-ansi: "npm:6.0.1"
    supports-color: "npm:^8.1.1"
    tmp: "npm:^0.2.1"
    util-arity: "npm:^1.1.0"
    verror: "npm:^1.10.0"
    xmlbuilder: "npm:^15.1.1"
    yaml: "npm:1.10.2"
    yup: "npm:^0.32.11"
  bin:
    cucumber-js: bin/cucumber.js
  checksum: 10c0/017fc9cde94273d14bfcb546950cb475b6c7f160385c39f60f58bd10741d8dc19dc916d070b4b117e5eba4ff1fa2fdcb4a8d485ff242154b143a629ee13bd3c2
  languageName: node
  linkType: hard

"@cucumber/gherkin-streams@npm:5.0.1":
  version: 5.0.1
  resolution: "@cucumber/gherkin-streams@npm:5.0.1"
  dependencies:
    commander: "npm:9.1.0"
    source-map-support: "npm:0.5.21"
  peerDependencies:
    "@cucumber/gherkin": ">=22.0.0"
    "@cucumber/message-streams": ">=4.0.0"
    "@cucumber/messages": ">=17.1.1"
  bin:
    gherkin-javascript: bin/gherkin
  checksum: 10c0/37898fa97e73f9d6ca4da9a1eb9c4b147c1d40ceb9882cc4e608ecb5c64c133d36452bbcb17474b918744d4d579194197cf79dede06a84803c8873c64d92d64b
  languageName: node
  linkType: hard

"@cucumber/gherkin-utils@npm:8.0.2":
  version: 8.0.2
  resolution: "@cucumber/gherkin-utils@npm:8.0.2"
  dependencies:
    "@cucumber/gherkin": "npm:^25.0.0"
    "@cucumber/messages": "npm:^19.1.4"
    "@teppeis/multimaps": "npm:2.0.0"
    commander: "npm:9.4.1"
    source-map-support: "npm:^0.5.21"
  bin:
    gherkin-utils: bin/gherkin-utils
  checksum: 10c0/d918716e73390e1f0ecd28fa712f014ab9b1d8bcf272ec594c417c08810c9da83a10237cf4e5c84d62fa846376f5e2c40240873d3542b160fe2cefd786eb7f6c
  languageName: node
  linkType: hard

"@cucumber/gherkin@npm:26.0.3":
  version: 26.0.3
  resolution: "@cucumber/gherkin@npm:26.0.3"
  dependencies:
    "@cucumber/messages": "npm:19.1.4 - 21"
  checksum: 10c0/6d5f154e67f5d4e80764689c024dab3d4f5cd7ea700bba560618ea045388cae2c6a736fc6f0251f505c6eb4f730961c6bc7dd25478bd5019b8ef8c1d38087dd8
  languageName: node
  linkType: hard

"@cucumber/gherkin@npm:^25.0.0":
  version: 25.0.2
  resolution: "@cucumber/gherkin@npm:25.0.2"
  dependencies:
    "@cucumber/messages": "npm:^19.1.4"
  checksum: 10c0/2f27a4feae70c4a515a09fa3f8b5710203828fb22723273673631d9e38a8c73296c9c97f24b4a3059ac0b7b6153c7b6cda180dd0522e912f8f9f55df55992cbc
  languageName: node
  linkType: hard

"@cucumber/html-formatter@npm:20.2.1":
  version: 20.2.1
  resolution: "@cucumber/html-formatter@npm:20.2.1"
  peerDependencies:
    "@cucumber/messages": ">=18"
  checksum: 10c0/98b6b75ff66942fd30dc2d03582e5373097fd18bf9609adc41c9795191f77b36c65dc1f5047509d85f1af3ae30c3cf00eece5ebe4039c32438873df93e58d940
  languageName: node
  linkType: hard

"@cucumber/message-streams@npm:4.0.1":
  version: 4.0.1
  resolution: "@cucumber/message-streams@npm:4.0.1"
  peerDependencies:
    "@cucumber/messages": ">=17.1.1"
  checksum: 10c0/521b68b4a8c00fbdc950f80c057537d1fed9ca532c3d2d3b03b72051a410ee1530e2a5a4f0207086068a0250d9056e23b6c6cd0322b6fd2ec1a520868b696efa
  languageName: node
  linkType: hard

"@cucumber/messages@npm:19.1.4 - 21, @cucumber/messages@npm:21.0.1":
  version: 21.0.1
  resolution: "@cucumber/messages@npm:21.0.1"
  dependencies:
    "@types/uuid": "npm:8.3.4"
    class-transformer: "npm:0.5.1"
    reflect-metadata: "npm:0.1.13"
    uuid: "npm:9.0.0"
  checksum: 10c0/d6b0b4840f8dfa6ea7f3f1c3e6af757e3ac952197d8da9aafb29de6587624ad80c79fdab2e515b6a75bf60b117fbeefce1087df97b6ac9735aa0b0735df0fa02
  languageName: node
  linkType: hard

"@cucumber/messages@npm:^19.1.4":
  version: 19.1.4
  resolution: "@cucumber/messages@npm:19.1.4"
  dependencies:
    "@types/uuid": "npm:8.3.4"
    class-transformer: "npm:0.5.1"
    reflect-metadata: "npm:0.1.13"
    uuid: "npm:9.0.0"
  checksum: 10c0/08aa0315c5c3e31dcceffb51eda19aaf949f95980bfbe37d64f23f0f685f4aa6ebf7c10c835ef7c9c73acc03e0d0a7011b2253059f796f04ac10be6f57730922
  languageName: node
  linkType: hard

"@cucumber/tag-expressions@npm:5.0.1":
  version: 5.0.1
  resolution: "@cucumber/tag-expressions@npm:5.0.1"
  checksum: 10c0/4af7545bf1d09e60026ef47bbaf9110cbc70c0bfefe9c8776e1a038c2d736a88c00c4d9b34388d44f2d327d8a98b2f4ffffd109845515723d51faa85b12fc772
  languageName: node
  linkType: hard

"@teppeis/multimaps@npm:2.0.0":
  version: 2.0.0
  resolution: "@teppeis/multimaps@npm:2.0.0"
  checksum: 10c0/4ea5d469e0be673e464deb1191bcfd4ffd0dc1cf83456f26b4971ec2f14f39a6062a6ec2500f402ae6c4d4546c0a010d3807d4d397943f8f40f43e359d7364c3
  languageName: node
  linkType: hard

"@types/cucumber@npm:^6.0.1":
  version: 6.0.1
  resolution: "@types/cucumber@npm:6.0.1"
  checksum: 10c0/f309ede8a883db37268b530797b0f0ea4a9405186f758f80ffa910225c4f6107148633dd97fafb1b4a7c12cd7d4929d6a6bafc40a88df4b32f9e712ef7e53b87
  languageName: node
  linkType: hard

"@types/lodash@npm:^4.14.175":
  version: 4.17.6
  resolution: "@types/lodash@npm:4.17.6"
  checksum: 10c0/3b197ac47af9443fee8c4719c5ffde527d7febc018b827d44a6bc2523c728c7adfdd25196fdcfe3eed827993e0c41a917d0da6e78938b18b2be94164789f1117
  languageName: node
  linkType: hard

"@types/node@npm:^14.0.27":
  version: 14.18.63
  resolution: "@types/node@npm:14.18.63"
  checksum: 10c0/626a371419a6a0e11ca460b22bb4894abe5d75c303739588bc96267e380aa8b90ba5a87bc552400584f0ac2a84b5c458dadcbcf0dfd2396ebeb765f7a7f95893
  languageName: node
  linkType: hard

"@types/uuid@npm:8.3.4":
  version: 8.3.4
  resolution: "@types/uuid@npm:8.3.4"
  checksum: 10c0/b9ac98f82fcf35962317ef7dc44d9ac9e0f6fdb68121d384c88fe12ea318487d5585d3480fa003cf28be86a3bbe213ca688ba786601dce4a97724765eb5b1cf2
  languageName: node
  linkType: hard

"ansi-regex@npm:^4.1.0":
  version: 4.1.1
  resolution: "ansi-regex@npm:4.1.1"
  checksum: 10c0/d36d34234d077e8770169d980fed7b2f3724bfa2a01da150ccd75ef9707c80e883d27cdf7a0eac2f145ac1d10a785a8a855cffd05b85f778629a0db62e7033da
  languageName: node
  linkType: hard

"ansi-regex@npm:^5.0.1":
  version: 5.0.1
  resolution: "ansi-regex@npm:5.0.1"
  checksum: 10c0/9a64bb8627b434ba9327b60c027742e5d17ac69277960d041898596271d992d4d52ba7267a63ca10232e29f6107fc8a835f6ce8d719b88c5f8493f8254813737
  languageName: node
  linkType: hard

"ansi-styles@npm:^4.1.0":
  version: 4.3.0
  resolution: "ansi-styles@npm:4.3.0"
  dependencies:
    color-convert: "npm:^2.0.1"
  checksum: 10c0/895a23929da416f2bd3de7e9cb4eabd340949328ab85ddd6e484a637d8f6820d485f53933446f5291c3b760cbc488beb8e88573dd0f9c7daf83dccc8fe81b041
  languageName: node
  linkType: hard

"any-promise@npm:^1.0.0":
  version: 1.3.0
  resolution: "any-promise@npm:1.3.0"
  checksum: 10c0/60f0298ed34c74fef50daab88e8dab786036ed5a7fad02e012ab57e376e0a0b4b29e83b95ea9b5e7d89df762f5f25119b83e00706ecaccb22cfbacee98d74889
  languageName: node
  linkType: hard

"assert-plus@npm:^1.0.0":
  version: 1.0.0
  resolution: "assert-plus@npm:1.0.0"
  checksum: 10c0/b194b9d50c3a8f872ee85ab110784911e696a4d49f7ee6fc5fb63216dedbefd2c55999c70cb2eaeb4cf4a0e0338b44e9ace3627117b5bf0d42460e9132f21b91
  languageName: node
  linkType: hard

"assertion-error-formatter@npm:^3.0.0":
  version: 3.0.0
  resolution: "assertion-error-formatter@npm:3.0.0"
  dependencies:
    diff: "npm:^4.0.1"
    pad-right: "npm:^0.2.2"
    repeat-string: "npm:^1.6.1"
  checksum: 10c0/ea2741cfe9272b1efdcc9589c572a6880a32b9efcedc7171dbb0790d59aead8e1553b1edd4c78b65267a301efd2bc5aa75ef0f3cdc2394afb32ede4ea4cc6b64
  languageName: node
  linkType: hard

"balanced-match@npm:^1.0.0":
  version: 1.0.2
  resolution: "balanced-match@npm:1.0.2"
  checksum: 10c0/9308baf0a7e4838a82bbfd11e01b1cb0f0cf2893bc1676c27c2a8c0e70cbae1c59120c3268517a8ae7fb6376b4639ef81ca22582611dbee4ed28df945134aaee
  languageName: node
  linkType: hard

"brace-expansion@npm:^1.1.7":
  version: 1.1.11
  resolution: "brace-expansion@npm:1.1.11"
  dependencies:
    balanced-match: "npm:^1.0.0"
    concat-map: "npm:0.0.1"
  checksum: 10c0/695a56cd058096a7cb71fb09d9d6a7070113c7be516699ed361317aca2ec169f618e28b8af352e02ab4233fb54eb0168460a40dc320bab0034b36ab59aaad668
  languageName: node
  linkType: hard

"buffer-from@npm:^1.0.0":
  version: 1.1.2
  resolution: "buffer-from@npm:1.1.2"
  checksum: 10c0/124fff9d66d691a86d3b062eff4663fe437a9d9ee4b47b1b9e97f5a5d14f6d5399345db80f796827be7c95e70a8e765dd404b7c3ff3b3324f98e9b0c8826cc34
  languageName: node
  linkType: hard

"capital-case@npm:^1.0.4":
  version: 1.0.4
  resolution: "capital-case@npm:1.0.4"
  dependencies:
    no-case: "npm:^3.0.4"
    tslib: "npm:^2.0.3"
    upper-case-first: "npm:^2.0.2"
  checksum: 10c0/6a034af73401f6e55d91ea35c190bbf8bda21714d4ea8bb8f1799311d123410a80f0875db4e3236dc3f97d74231ff4bf1c8783f2be13d7733c7d990c57387281
  languageName: node
  linkType: hard

"chalk@npm:^4.1.2":
  version: 4.1.2
  resolution: "chalk@npm:4.1.2"
  dependencies:
    ansi-styles: "npm:^4.1.0"
    supports-color: "npm:^7.1.0"
  checksum: 10c0/4a3fef5cc34975c898ffe77141450f679721df9dde00f6c304353fa9c8b571929123b26a0e4617bde5018977eb655b31970c297b91b63ee83bb82aeb04666880
  languageName: node
  linkType: hard

"class-transformer@npm:0.5.1":
  version: 0.5.1
  resolution: "class-transformer@npm:0.5.1"
  checksum: 10c0/19809914e51c6db42c036166839906420bb60367df14e15f49c45c8c1231bf25ae661ebe94736ee29cc688b77101ef851a8acca299375cc52fc141b64acde18a
  languageName: node
  linkType: hard

"cli-table3@npm:0.6.3":
  version: 0.6.3
  resolution: "cli-table3@npm:0.6.3"
  dependencies:
    "@colors/colors": "npm:1.5.0"
    string-width: "npm:^4.2.0"
  dependenciesMeta:
    "@colors/colors":
      optional: true
  checksum: 10c0/39e580cb346c2eaf1bd8f4ff055ae644e902b8303c164a1b8894c0dc95941f92e001db51f49649011be987e708d9fa3183ccc2289a4d376a057769664048cc0c
  languageName: node
  linkType: hard

"color-convert@npm:^2.0.1":
  version: 2.0.1
  resolution: "color-convert@npm:2.0.1"
  dependencies:
    color-name: "npm:~1.1.4"
  checksum: 10c0/37e1150172f2e311fe1b2df62c6293a342ee7380da7b9cfdba67ea539909afbd74da27033208d01d6d5cfc65ee7868a22e18d7e7648e004425441c0f8a15a7d7
  languageName: node
  linkType: hard

"color-name@npm:~1.1.4":
  version: 1.1.4
  resolution: "color-name@npm:1.1.4"
  checksum: 10c0/a1a3f914156960902f46f7f56bc62effc6c94e84b2cae157a526b1c1f74b677a47ec602bf68a61abfa2b42d15b7c5651c6dbe72a43af720bc588dff885b10f95
  languageName: node
  linkType: hard

"commander@npm:9.1.0":
  version: 9.1.0
  resolution: "commander@npm:9.1.0"
  checksum: 10c0/401daebdfa3cab85b62090a88ed6b9fb4519163afb9247336010e4346970597566c07a832bb84f5c4af68d256b90d01ed7f6984366e6d232d356c533526019b5
  languageName: node
  linkType: hard

"commander@npm:9.4.1":
  version: 9.4.1
  resolution: "commander@npm:9.4.1"
  checksum: 10c0/04ea8ccc6fe3d3d1ca7ca26b06187498af8e6341a2c98b534528d504f8cad95b0c5ac2f3b78a7f0d332da16da9332db2ab9e43cb06241d367e9c7ee75cb76202
  languageName: node
  linkType: hard

"commander@npm:^9.0.0":
  version: 9.5.0
  resolution: "commander@npm:9.5.0"
  checksum: 10c0/5f7784fbda2aaec39e89eb46f06a999e00224b3763dc65976e05929ec486e174fe9aac2655f03ba6a5e83875bd173be5283dc19309b7c65954701c02025b3c1d
  languageName: node
  linkType: hard

"concat-map@npm:0.0.1":
  version: 0.0.1
  resolution: "concat-map@npm:0.0.1"
  checksum: 10c0/c996b1cfdf95b6c90fee4dae37e332c8b6eb7d106430c17d538034c0ad9a1630cb194d2ab37293b1bdd4d779494beee7786d586a50bd9376fd6f7bcc2bd4c98f
  languageName: node
  linkType: hard

"core-util-is@npm:1.0.2":
  version: 1.0.2
  resolution: "core-util-is@npm:1.0.2"
  checksum: 10c0/980a37a93956d0de8a828ce508f9b9e3317039d68922ca79995421944146700e4aaf490a6dbfebcb1c5292a7184600c7710b957d724be1e37b8254c6bc0fe246
  languageName: node
  linkType: hard

"debug@npm:^4.3.4":
  version: 4.3.5
  resolution: "debug@npm:4.3.5"
  dependencies:
    ms: "npm:2.1.2"
  peerDependenciesMeta:
    supports-color:
      optional: true
  checksum: 10c0/082c375a2bdc4f4469c99f325ff458adad62a3fc2c482d59923c260cb08152f34e2659f72b3767db8bb2f21ca81a60a42d1019605a412132d7b9f59363a005cc
  languageName: node
  linkType: hard

"diff@npm:^4.0.1":
  version: 4.0.2
  resolution: "diff@npm:4.0.2"
  checksum: 10c0/81b91f9d39c4eaca068eb0c1eb0e4afbdc5bb2941d197f513dd596b820b956fef43485876226d65d497bebc15666aa2aa82c679e84f65d5f2bfbf14ee46e32c1
  languageName: node
  linkType: hard

"emoji-regex@npm:^8.0.0":
  version: 8.0.0
  resolution: "emoji-regex@npm:8.0.0"
  checksum: 10c0/b6053ad39951c4cf338f9092d7bfba448cdfd46fe6a2a034700b149ac9ffbc137e361cbd3c442297f86bed2e5f7576c1b54cc0a6bf8ef5106cc62f496af35010
  languageName: node
  linkType: hard

"error-stack-parser@npm:^2.1.4":
  version: 2.1.4
  resolution: "error-stack-parser@npm:2.1.4"
  dependencies:
    stackframe: "npm:^1.3.4"
  checksum: 10c0/7679b780043c98b01fc546725484e0cfd3071bf5c906bbe358722972f04abf4fc3f0a77988017665bab367f6ef3fc2d0185f7528f45966b83e7c99c02d5509b9
  languageName: node
  linkType: hard

"escape-string-regexp@npm:^1.0.5":
  version: 1.0.5
  resolution: "escape-string-regexp@npm:1.0.5"
  checksum: 10c0/a968ad453dd0c2724e14a4f20e177aaf32bb384ab41b674a8454afe9a41c5e6fe8903323e0a1052f56289d04bd600f81278edf140b0fcc02f5cac98d0f5b5371
  languageName: node
  linkType: hard

"extsprintf@npm:^1.2.0":
  version: 1.4.1
  resolution: "extsprintf@npm:1.4.1"
  checksum: 10c0/e10e2769985d0e9b6c7199b053a9957589d02e84de42832c295798cb422a025e6d4a92e0259c1fb4d07090f5bfde6b55fd9f880ac5855bd61d775f8ab75a7ab0
  languageName: node
  linkType: hard

"figures@npm:^3.2.0":
  version: 3.2.0
  resolution: "figures@npm:3.2.0"
  dependencies:
    escape-string-regexp: "npm:^1.0.5"
  checksum: 10c0/9c421646ede432829a50bc4e55c7a4eb4bcb7cc07b5bab2f471ef1ab9a344595bbebb6c5c21470093fbb730cd81bbca119624c40473a125293f656f49cb47629
  languageName: node
  linkType: hard

"fs.realpath@npm:^1.0.0":
  version: 1.0.0
  resolution: "fs.realpath@npm:1.0.0"
  checksum: 10c0/444cf1291d997165dfd4c0d58b69f0e4782bfd9149fd72faa4fe299e68e0e93d6db941660b37dd29153bf7186672ececa3b50b7e7249477b03fdf850f287c948
  languageName: node
  linkType: hard

"glob@npm:^7.1.6":
  version: 7.2.3
  resolution: "glob@npm:7.2.3"
  dependencies:
    fs.realpath: "npm:^1.0.0"
    inflight: "npm:^1.0.4"
    inherits: "npm:2"
    minimatch: "npm:^3.1.1"
    once: "npm:^1.3.0"
    path-is-absolute: "npm:^1.0.0"
  checksum: 10c0/65676153e2b0c9095100fe7f25a778bf45608eeb32c6048cf307f579649bcc30353277b3b898a3792602c65764e5baa4f643714dfbdfd64ea271d210c7a425fe
  languageName: node
  linkType: hard

"global-dirs@npm:^3.0.0":
  version: 3.0.1
  resolution: "global-dirs@npm:3.0.1"
  dependencies:
    ini: "npm:2.0.0"
  checksum: 10c0/ef65e2241a47ff978f7006a641302bc7f4c03dfb98783d42bf7224c136e3a06df046e70ee3a010cf30214114755e46c9eb5eb1513838812fbbe0d92b14c25080
  languageName: node
  linkType: hard

"has-ansi@npm:^4.0.1":
  version: 4.0.1
  resolution: "has-ansi@npm:4.0.1"
  dependencies:
    ansi-regex: "npm:^4.1.0"
  checksum: 10c0/fa711146258487d0f7c5bb2d97dbb16ab9a78a314238aaa017d7fbab4ebf555ac3465ebec5875eb378138289467e0612d8f5606bc2273149b4361e4befebbbcf
  languageName: node
  linkType: hard

"has-flag@npm:^4.0.0":
  version: 4.0.0
  resolution: "has-flag@npm:4.0.0"
  checksum: 10c0/2e789c61b7888d66993e14e8331449e525ef42aac53c627cc53d1c3334e768bcb6abdc4f5f0de1478a25beec6f0bd62c7549058b7ac53e924040d4f301f02fd1
  languageName: node
  linkType: hard

"indent-string@npm:^4.0.0":
  version: 4.0.0
  resolution: "indent-string@npm:4.0.0"
  checksum: 10c0/1e1904ddb0cb3d6cce7cd09e27a90184908b7a5d5c21b92e232c93579d314f0b83c246ffb035493d0504b1e9147ba2c9b21df0030f48673fba0496ecd698161f
  languageName: node
  linkType: hard

"inflight@npm:^1.0.4":
  version: 1.0.6
  resolution: "inflight@npm:1.0.6"
  dependencies:
    once: "npm:^1.3.0"
    wrappy: "npm:1"
  checksum: 10c0/7faca22584600a9dc5b9fca2cd5feb7135ac8c935449837b315676b4c90aa4f391ec4f42240178244b5a34e8bede1948627fda392ca3191522fc46b34e985ab2
  languageName: node
  linkType: hard

"inherits@npm:2":
  version: 2.0.4
  resolution: "inherits@npm:2.0.4"
  checksum: 10c0/4e531f648b29039fb7426fb94075e6545faa1eb9fe83c29f0b6d9e7263aceb4289d2d4557db0d428188eeb449cc7c5e77b0a0b2c4e248ff2a65933a0dee49ef2
  languageName: node
  linkType: hard

"ini@npm:2.0.0":
  version: 2.0.0
  resolution: "ini@npm:2.0.0"
  checksum: 10c0/2e0c8f386369139029da87819438b20a1ff3fe58372d93fb1a86e9d9344125ace3a806b8ec4eb160a46e64cbc422fe68251869441676af49b7fc441af2389c25
  languageName: node
  linkType: hard

"is-fullwidth-code-point@npm:^3.0.0":
  version: 3.0.0
  resolution: "is-fullwidth-code-point@npm:3.0.0"
  checksum: 10c0/bb11d825e049f38e04c06373a8d72782eee0205bda9d908cc550ccb3c59b99d750ff9537982e01733c1c94a58e35400661f57042158ff5e8f3e90cf936daf0fc
  languageName: node
  linkType: hard

"is-installed-globally@npm:^0.4.0":
  version: 0.4.0
  resolution: "is-installed-globally@npm:0.4.0"
  dependencies:
    global-dirs: "npm:^3.0.0"
    is-path-inside: "npm:^3.0.2"
  checksum: 10c0/f3e6220ee5824b845c9ed0d4b42c24272701f1f9926936e30c0e676254ca5b34d1b92c6205cae11b283776f9529212c0cdabb20ec280a6451677d6493ca9c22d
  languageName: node
  linkType: hard

"is-path-inside@npm:^3.0.2":
  version: 3.0.3
  resolution: "is-path-inside@npm:3.0.3"
  checksum: 10c0/cf7d4ac35fb96bab6a1d2c3598fe5ebb29aafb52c0aaa482b5a3ed9d8ba3edc11631e3ec2637660c44b3ce0e61a08d54946e8af30dec0b60a7c27296c68ffd05
  languageName: node
  linkType: hard

"is-stream@npm:^2.0.0":
  version: 2.0.1
  resolution: "is-stream@npm:2.0.1"
  checksum: 10c0/7c284241313fc6efc329b8d7f08e16c0efeb6baab1b4cd0ba579eb78e5af1aa5da11e68559896a2067cd6c526bd29241dda4eb1225e627d5aa1a89a76d4635a5
  languageName: node
  linkType: hard

"knuth-shuffle-seeded@npm:^1.0.6":
  version: 1.0.6
  resolution: "knuth-shuffle-seeded@npm:1.0.6"
  dependencies:
    seed-random: "npm:~2.2.0"
  checksum: 10c0/c8a3085fec79a3bac24bcccd0be7bf757f881e023d587ce858afc684c1a6c979ae6d9493e5efc6dc331527a8af0e4fe512d66e34ac39e79f45ae967ac8a60d6e
  languageName: node
  linkType: hard

"lodash-es@npm:^4.17.21":
  version: 4.17.21
  resolution: "lodash-es@npm:4.17.21"
  checksum: 10c0/fb407355f7e6cd523a9383e76e6b455321f0f153a6c9625e21a8827d10c54c2a2341bd2ae8d034358b60e07325e1330c14c224ff582d04612a46a4f0479ff2f2
  languageName: node
  linkType: hard

"lodash.merge@npm:^4.6.2":
  version: 4.6.2
  resolution: "lodash.merge@npm:4.6.2"
  checksum: 10c0/402fa16a1edd7538de5b5903a90228aa48eb5533986ba7fa26606a49db2572bf414ff73a2c9f5d5fd36b31c46a5d5c7e1527749c07cbcf965ccff5fbdf32c506
  languageName: node
  linkType: hard

"lodash.mergewith@npm:^4.6.2":
  version: 4.6.2
  resolution: "lodash.mergewith@npm:4.6.2"
  checksum: 10c0/4adbed65ff96fd65b0b3861f6899f98304f90fd71e7f1eb36c1270e05d500ee7f5ec44c02ef979b5ddbf75c0a0b9b99c35f0ad58f4011934c4d4e99e5200b3b5
  languageName: node
  linkType: hard

"lodash@npm:^4.17.21":
  version: 4.17.21
  resolution: "lodash@npm:4.17.21"
  checksum: 10c0/d8cbea072bb08655bb4c989da418994b073a608dffa608b09ac04b43a791b12aeae7cd7ad919aa4c925f33b48490b5cfe6c1f71d827956071dae2e7bb3a6b74c
  languageName: node
  linkType: hard

"lower-case@npm:^2.0.2":
  version: 2.0.2
  resolution: "lower-case@npm:2.0.2"
  dependencies:
    tslib: "npm:^2.0.3"
  checksum: 10c0/3d925e090315cf7dc1caa358e0477e186ffa23947740e4314a7429b6e62d72742e0bbe7536a5ae56d19d7618ce998aba05caca53c2902bd5742fdca5fc57fd7b
  languageName: node
  linkType: hard

"lru-cache@npm:^6.0.0":
  version: 6.0.0
  resolution: "lru-cache@npm:6.0.0"
  dependencies:
    yallist: "npm:^4.0.0"
  checksum: 10c0/cb53e582785c48187d7a188d3379c181b5ca2a9c78d2bce3e7dee36f32761d1c42983da3fe12b55cb74e1779fa94cdc2e5367c028a9b35317184ede0c07a30a9
  languageName: node
  linkType: hard

"luxon@npm:3.2.1":
  version: 3.2.1
  resolution: "luxon@npm:3.2.1"
  checksum: 10c0/2edd1400c7a785b01fa24ab491675c490a763054e0e147507b7b64caa6caad50329b48d482300c7ab5dc1a2630aaf84997496ffe7d2e166f9ea223f6caa719d9
  languageName: node
  linkType: hard

"minimatch@npm:^3.1.1":
  version: 3.1.2
  resolution: "minimatch@npm:3.1.2"
  dependencies:
    brace-expansion: "npm:^1.1.7"
  checksum: 10c0/0262810a8fc2e72cca45d6fd86bd349eee435eb95ac6aa45c9ea2180e7ee875ef44c32b55b5973ceabe95ea12682f6e3725cbb63d7a2d1da3ae1163c8b210311
  languageName: node
  linkType: hard

"ms@npm:2.1.2":
  version: 2.1.2
  resolution: "ms@npm:2.1.2"
  checksum: 10c0/a437714e2f90dbf881b5191d35a6db792efbca5badf112f87b9e1c712aace4b4b9b742dd6537f3edf90fd6f684de897cec230abde57e87883766712ddda297cc
  languageName: node
  linkType: hard

"mz@npm:^2.7.0":
  version: 2.7.0
  resolution: "mz@npm:2.7.0"
  dependencies:
    any-promise: "npm:^1.0.0"
    object-assign: "npm:^4.0.1"
    thenify-all: "npm:^1.0.0"
  checksum: 10c0/103114e93f87362f0b56ab5b2e7245051ad0276b646e3902c98397d18bb8f4a77f2ea4a2c9d3ad516034ea3a56553b60d3f5f78220001ca4c404bd711bd0af39
  languageName: node
  linkType: hard

"nanoclone@npm:^0.2.1":
  version: 0.2.1
  resolution: "nanoclone@npm:0.2.1"
  checksum: 10c0/760b569ea841c9678fdf8d763c6d7bb093f0889150087f82d86c536a318b302939c82ce35cdaec999d0f687789d0d79d0f3f75a272d7a98dfac7a067c0b47053
  languageName: node
  linkType: hard

"no-case@npm:^3.0.4":
  version: 3.0.4
  resolution: "no-case@npm:3.0.4"
  dependencies:
    lower-case: "npm:^2.0.2"
    tslib: "npm:^2.0.3"
  checksum: 10c0/8ef545f0b3f8677c848f86ecbd42ca0ff3cd9dd71c158527b344c69ba14710d816d8489c746b6ca225e7b615108938a0bda0a54706f8c255933703ac1cf8e703
  languageName: node
  linkType: hard

"object-assign@npm:^4.0.1":
  version: 4.1.1
  resolution: "object-assign@npm:4.1.1"
  checksum: 10c0/1f4df9945120325d041ccf7b86f31e8bcc14e73d29171e37a7903050e96b81323784ec59f93f102ec635bcf6fa8034ba3ea0a8c7e69fa202b87ae3b6cec5a414
  languageName: node
  linkType: hard

"once@npm:^1.3.0":
  version: 1.4.0
  resolution: "once@npm:1.4.0"
  dependencies:
    wrappy: "npm:1"
  checksum: 10c0/5d48aca287dfefabd756621c5dfce5c91a549a93e9fdb7b8246bc4c4790aa2ec17b34a260530474635147aeb631a2dcc8b32c613df0675f96041cbb8244517d0
  languageName: node
  linkType: hard

"pad-right@npm:^0.2.2":
  version: 0.2.2
  resolution: "pad-right@npm:0.2.2"
  dependencies:
    repeat-string: "npm:^1.5.2"
  checksum: 10c0/fa8752633a616d1310550df4bf602d4f3bc58753033cfdd45a381fbf0c39c7ddeb577d37f9dd3746cbc85f9fd957ca9dce346f39e9f18e199aaa3d0dbb11595a
  languageName: node
  linkType: hard

"path-is-absolute@npm:^1.0.0":
  version: 1.0.1
  resolution: "path-is-absolute@npm:1.0.1"
  checksum: 10c0/127da03c82172a2a50099cddbf02510c1791fc2cc5f7713ddb613a56838db1e8168b121a920079d052e0936c23005562059756d653b7c544c53185efe53be078
  languageName: node
  linkType: hard

"progress@npm:^2.0.3":
  version: 2.0.3
  resolution: "progress@npm:2.0.3"
  checksum: 10c0/1697e07cb1068055dbe9fe858d242368ff5d2073639e652b75a7eb1f2a1a8d4afd404d719de23c7b48481a6aa0040686310e2dac2f53d776daa2176d3f96369c
  languageName: node
  linkType: hard

"project@workspace:.":
  version: 0.0.0-use.local
  resolution: "project@workspace:."
  dependencies:
    "@cucumber/cucumber": "npm:^8.3.0"
    "@types/cucumber": "npm:^6.0.1"
    "@types/node": "npm:^14.0.27"
    typescript: "npm:^4.5.4"
  languageName: unknown
  linkType: soft

"property-expr@npm:^2.0.4":
  version: 2.0.6
  resolution: "property-expr@npm:2.0.6"
  checksum: 10c0/69b7da15038a1146d6447c69c445306f66a33c425271235bb20507f1846dbf9577a8f9dfafe8acbfcb66f924b270157f155248308f026a68758f35fc72265b3c
  languageName: node
  linkType: hard

"reflect-metadata@npm:0.1.13":
  version: 0.1.13
  resolution: "reflect-metadata@npm:0.1.13"
  checksum: 10c0/728bff0b376b05639fd11ed80c648b61f7fe653c5b506d7ca118e58b6752b9b00810fe0c86227ecf02bd88da6251ab3eb19fd403aaf2e9ff5ef36a2fda643026
  languageName: node
  linkType: hard

"regenerator-runtime@npm:^0.14.0":
  version: 0.14.1
  resolution: "regenerator-runtime@npm:0.14.1"
  checksum: 10c0/1b16eb2c4bceb1665c89de70dcb64126a22bc8eb958feef3cd68fe11ac6d2a4899b5cd1b80b0774c7c03591dc57d16631a7f69d2daa2ec98100e2f29f7ec4cc4
  languageName: node
  linkType: hard

"regexp-match-indices@npm:1.0.2":
  version: 1.0.2
  resolution: "regexp-match-indices@npm:1.0.2"
  dependencies:
    regexp-tree: "npm:^0.1.11"
  checksum: 10c0/35e8af9844a4d08f54000766a7f364579c2082080b6f0f6edb9af9faab0452a83e68ef71304e3b2d12ff6d71a615d30b43de60cafeabbce3e1fa95c56383d147
  languageName: node
  linkType: hard

"regexp-tree@npm:^0.1.11":
  version: 0.1.27
  resolution: "regexp-tree@npm:0.1.27"
  bin:
    regexp-tree: bin/regexp-tree
  checksum: 10c0/f636f44b4a0d93d7d6926585ecd81f63e4ce2ac895bc417b2ead0874cd36b337dcc3d0fedc63f69bf5aaeaa4340f36ca7e750c9687cceaf8087374e5284e843c
  languageName: node
  linkType: hard

"repeat-string@npm:^1.5.2, repeat-string@npm:^1.6.1":
  version: 1.6.1
  resolution: "repeat-string@npm:1.6.1"
  checksum: 10c0/87fa21bfdb2fbdedc44b9a5b118b7c1239bdd2c2c1e42742ef9119b7d412a5137a1d23f1a83dc6bb686f4f27429ac6f542e3d923090b44181bafa41e8ac0174d
  languageName: node
  linkType: hard

"resolve-from@npm:^5.0.0":
  version: 5.0.0
  resolution: "resolve-from@npm:5.0.0"
  checksum: 10c0/b21cb7f1fb746de8107b9febab60095187781137fd803e6a59a76d421444b1531b641bba5857f5dc011974d8a5c635d61cec49e6bd3b7fc20e01f0fafc4efbf2
  languageName: node
  linkType: hard

"resolve-pkg@npm:^2.0.0":
  version: 2.0.0
  resolution: "resolve-pkg@npm:2.0.0"
  dependencies:
    resolve-from: "npm:^5.0.0"
  checksum: 10c0/c48af43563ae10fef4a20217808d7cc1de450837f5522963b559975d7b0bb28b7eee6f98bd815a93ebd083cc56b3139c520a22c066ee7abea73b819ea2764713
  languageName: node
  linkType: hard

"seed-random@npm:~2.2.0":
  version: 2.2.0
  resolution: "seed-random@npm:2.2.0"
  checksum: 10c0/5d48dedf312e8075faa899664ec5867e3b088a11d0e955d7c6bcfffcd7fc6de5dbb51c41c24ef48060ee6a9592cad607e5c44306b4fd4828667451afe16b09a5
  languageName: node
  linkType: hard

"semver@npm:7.3.8":
  version: 7.3.8
  resolution: "semver@npm:7.3.8"
  dependencies:
    lru-cache: "npm:^6.0.0"
  bin:
    semver: bin/semver.js
  checksum: 10c0/7e581d679530db31757301c2117721577a2bb36a301a443aac833b8efad372cda58e7f2a464fe4412ae1041cc1f63a6c1fe0ced8c57ce5aca1e0b57bb0d627b9
  languageName: node
  linkType: hard

"source-map-support@npm:0.5.21, source-map-support@npm:^0.5.21":
  version: 0.5.21
  resolution: "source-map-support@npm:0.5.21"
  dependencies:
    buffer-from: "npm:^1.0.0"
    source-map: "npm:^0.6.0"
  checksum: 10c0/9ee09942f415e0f721d6daad3917ec1516af746a8120bba7bb56278707a37f1eb8642bde456e98454b8a885023af81a16e646869975f06afc1a711fb90484e7d
  languageName: node
  linkType: hard

"source-map@npm:^0.6.0":
  version: 0.6.1
  resolution: "source-map@npm:0.6.1"
  checksum: 10c0/ab55398007c5e5532957cb0beee2368529618ac0ab372d789806f5718123cc4367d57de3904b4e6a4170eb5a0b0f41373066d02ca0735a0c4d75c7d328d3e011
  languageName: node
  linkType: hard

"stackframe@npm:^1.3.4":
  version: 1.3.4
  resolution: "stackframe@npm:1.3.4"
  checksum: 10c0/18410f7a1e0c5d211a4effa83bdbf24adbe8faa8c34db52e1cd3e89837518c592be60b60d8b7270ac53eeeb8b807cd11b399a41667f6c9abb41059c3ccc8a989
  languageName: node
  linkType: hard

"string-argv@npm:^0.3.1":
  version: 0.3.2
  resolution: "string-argv@npm:0.3.2"
  checksum: 10c0/75c02a83759ad1722e040b86823909d9a2fc75d15dd71ec4b537c3560746e33b5f5a07f7332d1e3f88319909f82190843aa2f0a0d8c8d591ec08e93d5b8dec82
  languageName: node
  linkType: hard

"string-width@npm:^4.2.0":
  version: 4.2.3
  resolution: "string-width@npm:4.2.3"
  dependencies:
    emoji-regex: "npm:^8.0.0"
    is-fullwidth-code-point: "npm:^3.0.0"
    strip-ansi: "npm:^6.0.1"
  checksum: 10c0/1e525e92e5eae0afd7454086eed9c818ee84374bb80328fc41217ae72ff5f065ef1c9d7f72da41de40c75fa8bb3dee63d92373fd492c84260a552c636392a47b
  languageName: node
  linkType: hard

"strip-ansi@npm:6.0.1, strip-ansi@npm:^6.0.1":
  version: 6.0.1
  resolution: "strip-ansi@npm:6.0.1"
  dependencies:
    ansi-regex: "npm:^5.0.1"
  checksum: 10c0/1ae5f212a126fe5b167707f716942490e3933085a5ff6c008ab97ab2f272c8025d3aa218b7bd6ab25729ca20cc81cddb252102f8751e13482a5199e873680952
  languageName: node
  linkType: hard

"supports-color@npm:^7.1.0":
  version: 7.2.0
  resolution: "supports-color@npm:7.2.0"
  dependencies:
    has-flag: "npm:^4.0.0"
  checksum: 10c0/afb4c88521b8b136b5f5f95160c98dee7243dc79d5432db7efc27efb219385bbc7d9427398e43dd6cc730a0f87d5085ce1652af7efbe391327bc0a7d0f7fc124
  languageName: node
  linkType: hard

"supports-color@npm:^8.1.1":
  version: 8.1.1
  resolution: "supports-color@npm:8.1.1"
  dependencies:
    has-flag: "npm:^4.0.0"
  checksum: 10c0/ea1d3c275dd604c974670f63943ed9bd83623edc102430c05adb8efc56ba492746b6e95386e7831b872ec3807fd89dd8eb43f735195f37b5ec343e4234cc7e89
  languageName: node
  linkType: hard

"thenify-all@npm:^1.0.0":
  version: 1.6.0
  resolution: "thenify-all@npm:1.6.0"
  dependencies:
    thenify: "npm:>= 3.1.0 < 4"
  checksum: 10c0/9b896a22735e8122754fe70f1d65f7ee691c1d70b1f116fda04fea103d0f9b356e3676cb789506e3909ae0486a79a476e4914b0f92472c2e093d206aed4b7d6b
  languageName: node
  linkType: hard

"thenify@npm:>= 3.1.0 < 4":
  version: 3.3.1
  resolution: "thenify@npm:3.3.1"
  dependencies:
    any-promise: "npm:^1.0.0"
  checksum: 10c0/f375aeb2b05c100a456a30bc3ed07ef03a39cbdefe02e0403fb714b8c7e57eeaad1a2f5c4ecfb9ce554ce3db9c2b024eba144843cd9e344566d9fcee73b04767
  languageName: node
  linkType: hard

"tmp@npm:^0.2.1":
  version: 0.2.3
  resolution: "tmp@npm:0.2.3"
  checksum: 10c0/3e809d9c2f46817475b452725c2aaa5d11985cf18d32a7a970ff25b568438e2c076c2e8609224feef3b7923fa9749b74428e3e634f6b8e520c534eef2fd24125
  languageName: node
  linkType: hard

"toposort@npm:^2.0.2":
  version: 2.0.2
  resolution: "toposort@npm:2.0.2"
  checksum: 10c0/ab9ca91fce4b972ccae9e2f539d755bf799a0c7eb60da07fd985fce0f14c159ed1e92305ff55697693b5bc13e300f5417db90e2593b127d421c9f6c440950222
  languageName: node
  linkType: hard

"tslib@npm:^2.0.3":
  version: 2.6.3
  resolution: "tslib@npm:2.6.3"
  checksum: 10c0/2598aef53d9dbe711af75522464b2104724d6467b26a60f2bdac8297d2b5f1f6b86a71f61717384aa8fd897240467aaa7bcc36a0700a0faf751293d1331db39a
  languageName: node
  linkType: hard

"typescript@npm:^4.5.4":
  version: 4.9.5
  resolution: "typescript@npm:4.9.5"
  bin:
    tsc: bin/tsc
    tsserver: bin/tsserver
  checksum: 10c0/5f6cad2e728a8a063521328e612d7876e12f0d8a8390d3b3aaa452a6a65e24e9ac8ea22beb72a924fd96ea0a49ea63bb4e251fb922b12eedfb7f7a26475e5c56
  languageName: node
  linkType: hard

"typescript@patch:typescript@npm%3A^4.5.4#optional!builtin<compat/typescript>":
  version: 4.9.5
  resolution: "typescript@patch:typescript@npm%3A4.9.5#optional!builtin<compat/typescript>::version=4.9.5&hash=289587"
  bin:
    tsc: bin/tsc
    tsserver: bin/tsserver
  checksum: 10c0/e3333f887c6829dfe0ab6c1dbe0dd1e3e2aeb56c66460cb85c5440c566f900c833d370ca34eb47558c0c69e78ced4bfe09b8f4f98b6de7afed9b84b8d1dd06a1
  languageName: node
  linkType: hard

"upper-case-first@npm:^2.0.2":
  version: 2.0.2
  resolution: "upper-case-first@npm:2.0.2"
  dependencies:
    tslib: "npm:^2.0.3"
  checksum: 10c0/ccad6a0b143310ebfba2b5841f30bef71246297385f1329c022c902b2b5fc5aee009faf1ac9da5ab3ba7f615b88f5dc1cd80461b18a8f38cb1d4c3eb92538ea9
  languageName: node
  linkType: hard

"util-arity@npm:^1.1.0":
  version: 1.1.0
  resolution: "util-arity@npm:1.1.0"
  checksum: 10c0/eed63ffd055fcbbcfce9dd93c10cc94472e76d8d4e4d9c2ba9f08668af84aaa7efe3396123045660e6449f61adf83be8b455e20b231305dae9cfa3c599b69e0d
  languageName: node
  linkType: hard

"uuid@npm:9.0.0":
  version: 9.0.0
  resolution: "uuid@npm:9.0.0"
  bin:
    uuid: dist/bin/uuid
  checksum: 10c0/8867e438990d1d33ac61093e2e4e3477a2148b844e4fa9e3c2360fa4399292429c4b6ec64537eb1659c97b2d10db349c673ad58b50e2824a11e0d3630de3c056
  languageName: node
  linkType: hard

"verror@npm:^1.10.0":
  version: 1.10.1
  resolution: "verror@npm:1.10.1"
  dependencies:
    assert-plus: "npm:^1.0.0"
    core-util-is: "npm:1.0.2"
    extsprintf: "npm:^1.2.0"
  checksum: 10c0/293fb060a4c9b07965569a0c3e45efa954127818707995a8a4311f691b5d6687be99f972c759838ba6eecae717f9af28e3c49d2afc7bbdf5f0b675238f1426e8
  languageName: node
  linkType: hard

"wrappy@npm:1":
  version: 1.0.2
  resolution: "wrappy@npm:1.0.2"
  checksum: 10c0/56fece1a4018c6a6c8e28fbc88c87e0fbf4ea8fd64fc6c63b18f4acc4bd13e0ad2515189786dd2c30d3eec9663d70f4ecf699330002f8ccb547e4a18231fc9f0
  languageName: node
  linkType: hard

"xmlbuilder@npm:^15.1.1":
  version: 15.1.1
  resolution: "xmlbuilder@npm:15.1.1"
  checksum: 10c0/665266a8916498ff8d82b3d46d3993913477a254b98149ff7cff060d9b7cc0db7cf5a3dae99aed92355254a808c0e2e3ec74ad1b04aa1061bdb8dfbea26c18b8
  languageName: node
  linkType: hard

"yallist@npm:^4.0.0":
  version: 4.0.0
  resolution: "yallist@npm:4.0.0"
  checksum: 10c0/2286b5e8dbfe22204ab66e2ef5cc9bbb1e55dfc873bbe0d568aa943eb255d131890dfd5bf243637273d31119b870f49c18fcde2c6ffbb7a7a092b870dc90625a
  languageName: node
  linkType: hard

"yaml@npm:1.10.2":
  version: 1.10.2
  resolution: "yaml@npm:1.10.2"
  checksum: 10c0/5c28b9eb7adc46544f28d9a8d20c5b3cb1215a886609a2fd41f51628d8aaa5878ccd628b755dbcd29f6bb4921bd04ffbc6dcc370689bb96e594e2f9813d2605f
  languageName: node
  linkType: hard

"yup@npm:^0.32.11":
  version: 0.32.11
  resolution: "yup@npm:0.32.11"
  dependencies:
    "@babel/runtime": "npm:^7.15.4"
    "@types/lodash": "npm:^4.14.175"
    lodash: "npm:^4.17.21"
    lodash-es: "npm:^4.17.21"
    nanoclone: "npm:^0.2.1"
    property-expr: "npm:^2.0.4"
    toposort: "npm:^2.0.2"
  checksum: 10c0/f0802798dc64b49f313886b983a9bea5f283e2094ee2aa1197587b84f50ac5b5d03af99857c313139e63dc02558fac3aaa343503bdbffa96f70006b39d1f59c9
  languageName: node
  linkType: hard
